<?xml version="1.0" encoding="utf-8"?>
<Project ToolsVersion="4.0" xmlns="http://schemas.microsoft.com/developer/msbuild/2003">
  <ItemGroup>
    <ClCompile Include="Box2DUtils.cpp" />
    <ClCompile Include="CAdManager.cpp" />
    <ClCompile Include="CBox2DManager.cpp" />
    <ClCompile Include="CCamera.cpp" />
    <ClCompile Include="CCreditsState.cpp" />
    <ClCompile Include="CDebugDraw.cpp" />
    <ClCompile Include="CDebugLogger.cpp" />
    <ClCompile Include="CDrawManager.cpp" />
    <ClCompile Include="CEngine.cpp" />
    <ClCompile Include="CEntity.cpp" />
    <ClCompile Include="CEntityAd.cpp" />
    <ClCompile Include="CEntityBorder.cpp" />
    <ClCompile Include="CEntityBuild.cpp" />
    <ClCompile Include="CEntityCar.cpp" />
    <ClCompile Include="CEntityCarAI.cpp" />
    <ClCompile Include="CEntityCheckpoint.cpp" />
    <ClCompile Include="CEntityFpsCounter.cpp" />
    <ClCompile Include="CEntityLapCounter.cpp" />
    <ClCompile Include="CEntityManager.cpp" />
    <ClCompile Include="CEntitySpawn.cpp" />
    <ClCompile Include="CEntityTile.cpp" />
    <ClCompile Include="CEntityTire.cpp" />
    <ClCompile Include="CEntityTireAI.cpp" />
    <ClCompile Include="CEntityWaypoint.cpp" />
    <ClCompile Include="CInputManager.cpp" />
    <ClCompile Include="CLevelFactory.cpp" />
    <ClCompile Include="CMap.cpp" />
    <ClCompile Include="CIntroState.cpp" />
    <ClCompile Include="CPlayState.cpp" />
    <ClCompile Include="CStateManager.cpp" />
    <ClCompile Include="CHelpState.cpp" />
    <ClCompile Include="CWinState.cpp" />
    <ClCompile Include="HighscoresHelper.cpp" />
    <ClCompile Include="IBox2DListener.cpp" />
    <ClCompile Include="IDrawListener.cpp" />
    <ClCompile Include="IEntityListener.cpp" />
    <ClCompile Include="IInputListener.cpp" />
    <ClCompile Include="include\common\shapes.cc" />
    <ClCompile Include="include\sweep\advancing_front.cc" />
    <ClCompile Include="include\sweep\cdt.cc" />
    <ClCompile Include="include\sweep\sweep.cc" />
    <ClCompile Include="include\sweep\sweep_context.cc" />
    <ClCompile Include="jsoncpp.cpp" />
    <ClCompile Include="Main.cpp" />
    <ClCompile Include="MusicHelper.cpp" />
    <ClCompile Include="CScoresState.cpp" />
    <ClCompile Include="AdHelper.cpp">
      <Filter>Helpers</Filter>
    </ClCompile>
    <ClCompile Include="CCollisionHelper.cpp">
      <Filter>Helpers</Filter>
    </ClCompile>
    <ClCompile Include="CDeltaHelper.cpp">
      <Filter>Helpers</Filter>
    </ClCompile>
    <ClCompile Include="CIntegerHelper.cpp">
      <Filter>Helpers</Filter>
    </ClCompile>
  </ItemGroup>
  <ItemGroup>
    <ClInclude Include="Box2DUtils.h" />
    <ClInclude Include="CAdManager.h" />
    <ClInclude Include="CBox2DManager.h" />
    <ClInclude Include="CCamera.h" />
    <ClInclude Include="CCreditsState.h" />
    <ClInclude Include="CDebugDraw.h" />
    <ClInclude Include="CDebugLogger.h" />
    <ClInclude Include="CDrawManager.h" />
    <ClInclude Include="CEngine.h" />
    <ClInclude Include="CEntity.h" />
    <ClInclude Include="CEntityAd.h" />
    <ClInclude Include="CEntityBorder.h" />
    <ClInclude Include="CEntityBuild.h" />
    <ClInclude Include="CEntityCar.h" />
    <ClInclude Include="CEntityCarAI.h" />
    <ClInclude Include="CEntityCheckpoint.h" />
    <ClInclude Include="CEntityFpsCounter.h" />
    <ClInclude Include="CEntityLapCounter.h" />
    <ClInclude Include="CEntityManager.h" />
    <ClInclude Include="CEntitySpawn.h" />
    <ClInclude Include="CEntityTile.h" />
    <ClInclude Include="CEntityTire.h" />
    <ClInclude Include="CEntityTireAI.h" />
    <ClInclude Include="CEntityWaypoint.h" />
    <ClInclude Include="CGameState.h" />
    <ClInclude Include="CInputManager.h" />
    <ClInclude Include="CLevelFactory.h" />
    <ClInclude Include="CMap.h" />
    <ClInclude Include="CIntroState.h" />
    <ClInclude Include="CPlayState.h" />
    <ClInclude Include="CStateManager.h" />
    <ClInclude Include="CHelpState.h" />
    <ClInclude Include="CWinState.h" />
    <ClInclude Include="HighscoresHelper.h" />
    <ClInclude Include="IBox2DListener.h" />
    <ClInclude Include="IDrawListener.h" />
    <ClInclude Include="IEntityListener.h" />
    <ClInclude Include="IInputListener.h" />
    <ClInclude Include="ILapCountable.h" />
    <ClInclude Include="MusicHelper.h" />
    <ClInclude Include="CScoresState.h" />
    <ClInclude Include="resource.h" />
    <ClInclude Include="AdHelper.h">
      <Filter>Helpers</Filter>
    </ClInclude>
    <ClInclude Include="CCollisionHelper.h">
      <Filter>Helpers</Filter>
    </ClInclude>
    <ClInclude Include="CDeltaHelper.h">
      <Filter>Helpers</Filter>
    </ClInclude>
    <ClInclude Include="CIntegerHelper.h">
      <Filter>Helpers</Filter>
    </ClInclude>
  </ItemGroup>
  <ItemGroup>
    <ResourceCompile Include="TonnieRaceGame.rc" />
  </ItemGroup>
  <ItemGroup>
    <Image Include="..\..\..\..\..\Downloads\favicon (1).ico" />
    <Image Include="Resources\Images\favicon.ico" />
  </ItemGroup>
  <ItemGroup>
    <None Include="Resources\Maps\map2.json" />
  </ItemGroup>
  <ItemGroup>
    <Text Include="Resources\Maps\map1.json" />
  </ItemGroup>
  <ItemGroup>
    <Filter Include="Helpers">
      <UniqueIdentifier>{98e13b44-76ee-4dc7-89c7-15a52bd31af4}</UniqueIdentifier>
    </Filter>
  </ItemGroup>
</Project>