<?xml version="1.0" encoding="utf-8"?>
<Project ToolsVersion="4.0" xmlns="http://schemas.microsoft.com/developer/msbuild/2003">
  <ItemGroup>
    <ClCompile Include="CCamera.cpp" />
    <ClCompile Include="CEngine.cpp" />
    <ClCompile Include="CMap.cpp" />
    <ClCompile Include="Main.cpp" />
    <ClCompile Include="AdHelper.cpp">
      <Filter>Helpers</Filter>
    </ClCompile>
    <ClCompile Include="CCollisionHelper.cpp">
      <Filter>Helpers</Filter>
    </ClCompile>
    <ClCompile Include="CIntegerHelper.cpp">
      <Filter>Helpers</Filter>
    </ClCompile>
    <ClCompile Include="HighscoresHelper.cpp">
      <Filter>Helpers</Filter>
    </ClCompile>
    <ClCompile Include="MusicHelper.cpp">
      <Filter>Helpers</Filter>
    </ClCompile>
    <ClCompile Include="IBox2DListener.cpp">
      <Filter>Interfaces</Filter>
    </ClCompile>
    <ClCompile Include="IDrawListener.cpp">
      <Filter>Interfaces</Filter>
    </ClCompile>
    <ClCompile Include="IEntityListener.cpp">
      <Filter>Interfaces</Filter>
    </ClCompile>
    <ClCompile Include="IInputListener.cpp">
      <Filter>Interfaces</Filter>
    </ClCompile>
    <ClCompile Include="CEntity.cpp">
      <Filter>Entities</Filter>
    </ClCompile>
    <ClCompile Include="CEntityAd.cpp">
      <Filter>Entities</Filter>
    </ClCompile>
    <ClCompile Include="CEntityBorder.cpp">
      <Filter>Entities</Filter>
    </ClCompile>
    <ClCompile Include="CEntityCar.cpp">
      <Filter>Entities</Filter>
    </ClCompile>
    <ClCompile Include="CEntityCheckpoint.cpp">
      <Filter>Entities</Filter>
    </ClCompile>
    <ClCompile Include="CEntityPowerup.cpp">
      <Filter>Entities</Filter>
    </ClCompile>
    <ClCompile Include="CEntitySpawn.cpp">
      <Filter>Entities</Filter>
    </ClCompile>
    <ClCompile Include="CEntityTile.cpp">
      <Filter>Entities</Filter>
    </ClCompile>
    <ClCompile Include="CEntityTire.cpp">
      <Filter>Entities</Filter>
    </ClCompile>
    <ClCompile Include="CEntityWaypoint.cpp">
      <Filter>Entities</Filter>
    </ClCompile>
    <ClCompile Include="CEntitySpeedoMeter.cpp">
      <Filter>Entities\GUI</Filter>
    </ClCompile>
    <ClCompile Include="CEntityFpsCounter.cpp">
      <Filter>Entities\GUI</Filter>
    </ClCompile>
    <ClCompile Include="CEntityLapCounter.cpp">
      <Filter>Entities\GUI</Filter>
    </ClCompile>
    <ClCompile Include="CEntityBuild.cpp">
      <Filter>Entities\GUI</Filter>
    </ClCompile>
    <ClCompile Include="CUIButton.cpp">
      <Filter>Entities\UI</Filter>
    </ClCompile>
    <ClCompile Include="CUIImage.cpp">
      <Filter>Entities\UI</Filter>
    </ClCompile>
    <ClCompile Include="CUILabel.cpp">
      <Filter>Entities\UI</Filter>
    </ClCompile>
    <ClCompile Include="CStateManager.cpp">
      <Filter>Managers</Filter>
    </ClCompile>
    <ClCompile Include="CSpriteSheetManager.cpp">
      <Filter>Managers</Filter>
    </ClCompile>
    <ClCompile Include="CInputManager.cpp">
      <Filter>Managers</Filter>
    </ClCompile>
    <ClCompile Include="CFontManager.cpp">
      <Filter>Managers</Filter>
    </ClCompile>
    <ClCompile Include="CDrawManager.cpp">
      <Filter>Managers</Filter>
    </ClCompile>
    <ClCompile Include="CDebugLogger.cpp">
      <Filter>Debug</Filter>
    </ClCompile>
    <ClCompile Include="CBox2DManager.cpp">
      <Filter>Managers</Filter>
    </ClCompile>
    <ClCompile Include="CAdManager.cpp">
      <Filter>Managers</Filter>
    </ClCompile>
    <ClCompile Include="CDeltaHelper.cpp">
      <Filter>Helpers</Filter>
    </ClCompile>
    <ClCompile Include="CHelpState.cpp">
      <Filter>States</Filter>
    </ClCompile>
    <ClCompile Include="CIntroState.cpp">
      <Filter>States</Filter>
    </ClCompile>
    <ClCompile Include="CCreditsState.cpp">
      <Filter>States</Filter>
    </ClCompile>
    <ClCompile Include="CScoresState.cpp">
      <Filter>States</Filter>
    </ClCompile>
    <ClCompile Include="CPlayState.cpp">
      <Filter>States</Filter>
    </ClCompile>
    <ClCompile Include="CLevelFactory.cpp">
      <Filter>Factories</Filter>
    </ClCompile>
    <ClCompile Include="Box2DUtils.cpp">
      <Filter>Debug</Filter>
    </ClCompile>
    <ClCompile Include="include\sweep\sweep_context.cc">
      <Filter>Etc</Filter>
    </ClCompile>
    <ClCompile Include="include\sweep\sweep.cc">
      <Filter>Etc</Filter>
    </ClCompile>
    <ClCompile Include="include\common\shapes.cc">
      <Filter>Etc</Filter>
    </ClCompile>
    <ClCompile Include="include\sweep\cdt.cc">
      <Filter>Etc</Filter>
    </ClCompile>
    <ClCompile Include="include\sweep\advancing_front.cc">
      <Filter>Etc</Filter>
    </ClCompile>
    <ClCompile Include="jsoncpp.cpp">
      <Filter>Etc</Filter>
    </ClCompile>
    <ClCompile Include="CTextureManager.cpp">
      <Filter>Managers</Filter>
    </ClCompile>
    <ClCompile Include="CLevelSelectorState.cpp">
      <Filter>States</Filter>
    </ClCompile>
    <ClCompile Include="CUIContainer.cpp">
      <Filter>Entities\UI</Filter>
    </ClCompile>
    <ClCompile Include="CEntitySmokeParticle.cpp">
      <Filter>Entities</Filter>
    </ClCompile>
    <ClCompile Include="CEntityParticleEmitter.cpp">
      <Filter>Entities</Filter>
    </ClCompile>
    <ClCompile Include="CEntityManager.cpp">
      <Filter>Managers</Filter>
    </ClCompile>
    <ClCompile Include="CUIHorizontalScrollView.cpp">
      <Filter>Entities\UI</Filter>
    </ClCompile>
    <ClCompile Include="CCameraManager.cpp">
      <Filter>Managers</Filter>
    </ClCompile>
    <ClCompile Include="CPlayer1ControlSchemeCar.cpp">
      <Filter>ControlSchemes</Filter>
    </ClCompile>
    <ClCompile Include="CPlayer2ControlSchemeCar.cpp">
      <Filter>ControlSchemes</Filter>
    </ClCompile>
    <ClCompile Include="CPlayer1ControlSchemeTire.cpp">
      <Filter>ControlSchemes</Filter>
    </ClCompile>
    <ClCompile Include="CPlayer2ControlSchemeTire.cpp">
      <Filter>ControlSchemes</Filter>
    </ClCompile>
    <ClCompile Include="CAIControlSchemeCar.cpp">
      <Filter>ControlSchemes</Filter>
    </ClCompile>
    <ClCompile Include="CAIControlSchemeTire.cpp">
      <Filter>ControlSchemes</Filter>
    </ClCompile>
    <ClCompile Include="CEntityPositionCounter.cpp">
      <Filter>Entities\GUI</Filter>
    </ClCompile>
    <ClCompile Include="CEntityPowerupHUD.cpp">
      <Filter>Entities\GUI</Filter>
    </ClCompile>
    <ClCompile Include="CEntityScoreboard.cpp">
      <Filter>Entities\GUI</Filter>
    </ClCompile>
    <ClCompile Include="CEntityFinished.cpp">
      <Filter>Entities\GUI</Filter>
    </ClCompile>
    <ClCompile Include="CTimerHelper.cpp">
      <Filter>Helpers</Filter>
    </ClCompile>
    <ClCompile Include="CProfileManager.cpp">
      <Filter>Managers</Filter>
    </ClCompile>
    <ClCompile Include="CPlayerProfile.cpp" />
    <ClCompile Include="CProfileCreationState.cpp">
    <ClCompile Include="CEntityTimer.cpp">
      <Filter>Entities\GUI</Filter>
    </ClCompile>
    <ClCompile Include="CLoadingState.cpp">
      <Filter>States</Filter>
    </ClCompile>
    <ClCompile Include="CEnterNameState.cpp">
      <Filter>States</Filter>
    </ClCompile>
  </ItemGroup>
  <ItemGroup>
    <ClInclude Include="CCamera.h" />
    <ClInclude Include="CEngine.h" />
    <ClInclude Include="CMap.h" />
    <ClInclude Include="AdHelper.h">
      <Filter>Helpers</Filter>
    </ClInclude>
    <ClInclude Include="CCollisionHelper.h">
      <Filter>Helpers</Filter>
    </ClInclude>
    <ClInclude Include="CIntegerHelper.h">
      <Filter>Helpers</Filter>
    </ClInclude>
    <ClInclude Include="HighscoresHelper.h">
      <Filter>Helpers</Filter>
    </ClInclude>
    <ClInclude Include="MusicHelper.h">
      <Filter>Helpers</Filter>
    </ClInclude>
    <ClInclude Include="IBox2DListener.h">
      <Filter>Interfaces</Filter>
    </ClInclude>
    <ClInclude Include="IDrawListener.h">
      <Filter>Interfaces</Filter>
    </ClInclude>
    <ClInclude Include="IEntityListener.h">
      <Filter>Interfaces</Filter>
    </ClInclude>
    <ClInclude Include="IInputListener.h">
      <Filter>Interfaces</Filter>
    </ClInclude>
    <ClInclude Include="ILapCountable.h">
      <Filter>Interfaces</Filter>
    </ClInclude>
    <ClInclude Include="CEntity.h">
      <Filter>Entities</Filter>
    </ClInclude>
    <ClInclude Include="CEntityAd.h">
      <Filter>Entities</Filter>
    </ClInclude>
    <ClInclude Include="CEntityBorder.h">
      <Filter>Entities</Filter>
    </ClInclude>
    <ClInclude Include="CEntityCar.h">
      <Filter>Entities</Filter>
    </ClInclude>
    <ClInclude Include="CEntityCheckpoint.h">
      <Filter>Entities</Filter>
    </ClInclude>
    <ClInclude Include="CEntityPowerup.h">
      <Filter>Entities</Filter>
    </ClInclude>
    <ClInclude Include="CEntitySpawn.h">
      <Filter>Entities</Filter>
    </ClInclude>
    <ClInclude Include="CEntityTile.h">
      <Filter>Entities</Filter>
    </ClInclude>
    <ClInclude Include="CEntityTire.h">
      <Filter>Entities</Filter>
    </ClInclude>
    <ClInclude Include="CEntityWaypoint.h">
      <Filter>Entities</Filter>
    </ClInclude>
    <ClInclude Include="CEntitySpeedoMeter.h">
      <Filter>Entities\GUI</Filter>
    </ClInclude>
    <ClInclude Include="CEntityFpsCounter.h">
      <Filter>Entities\GUI</Filter>
    </ClInclude>
    <ClInclude Include="CEntityLapCounter.h">
      <Filter>Entities\GUI</Filter>
    </ClInclude>
    <ClInclude Include="CEntityBuild.h">
      <Filter>Entities\GUI</Filter>
    </ClInclude>
    <ClInclude Include="CUILabel.h">
      <Filter>Entities\UI</Filter>
    </ClInclude>
    <ClInclude Include="CUIButton.h">
      <Filter>Entities\UI</Filter>
    </ClInclude>
    <ClInclude Include="CUIImage.h">
      <Filter>Entities\UI</Filter>
    </ClInclude>
    <ClInclude Include="CStateManager.h">
      <Filter>Managers</Filter>
    </ClInclude>
    <ClInclude Include="CSpriteSheetManager.h">
      <Filter>Managers</Filter>
    </ClInclude>
    <ClInclude Include="CInputManager.h">
      <Filter>Managers</Filter>
    </ClInclude>
    <ClInclude Include="CFontManager.h">
      <Filter>Managers</Filter>
    </ClInclude>
    <ClInclude Include="CDrawManager.h">
      <Filter>Managers</Filter>
    </ClInclude>
    <ClInclude Include="CDebugLogger.h">
      <Filter>Debug</Filter>
    </ClInclude>
    <ClInclude Include="CBox2DManager.h">
      <Filter>Managers</Filter>
    </ClInclude>
    <ClInclude Include="CAdManager.h">
      <Filter>Managers</Filter>
    </ClInclude>
    <ClInclude Include="CDeltaHelper.h">
      <Filter>Helpers</Filter>
    </ClInclude>
    <ClInclude Include="CGameState.h">
      <Filter>States</Filter>
    </ClInclude>
    <ClInclude Include="CHelpState.h">
      <Filter>States</Filter>
    </ClInclude>
    <ClInclude Include="CIntroState.h">
      <Filter>States</Filter>
    </ClInclude>
    <ClInclude Include="CCreditsState.h">
      <Filter>States</Filter>
    </ClInclude>
    <ClInclude Include="CScoresState.h">
      <Filter>States</Filter>
    </ClInclude>
    <ClInclude Include="CPlayState.h">
      <Filter>States</Filter>
    </ClInclude>
    <ClInclude Include="CLevelFactory.h">
      <Filter>Factories</Filter>
    </ClInclude>
    <ClInclude Include="Box2DUtils.h">
      <Filter>Debug</Filter>
    </ClInclude>
    <ClInclude Include="EUIStretch.h">
      <Filter>Entities\UI</Filter>
    </ClInclude>
    <ClInclude Include="EUIAlignment.h">
      <Filter>Entities\UI</Filter>
    </ClInclude>
    <ClInclude Include="resource.h">
      <Filter>Etc</Filter>
    </ClInclude>
    <ClInclude Include="CTextureManager.h">
      <Filter>Managers</Filter>
    </ClInclude>
    <ClInclude Include="CLevelSelectorState.h">
      <Filter>States</Filter>
    </ClInclude>
    <ClInclude Include="CUIContainer.h">
      <Filter>Entities\UI</Filter>
    </ClInclude>
    <ClInclude Include="IUIEntity.h">
      <Filter>Interfaces</Filter>
    </ClInclude>
    <ClInclude Include="CEntitySmokeParticle.h">
      <Filter>Entities</Filter>
    </ClInclude>
    <ClInclude Include="CEntityParticleEmitter.h">
      <Filter>Entities</Filter>
    </ClInclude>
    <ClInclude Include="CEntityManager.h">
      <Filter>Managers</Filter>
    </ClInclude>
    <ClInclude Include="CUIHorizontalScrollView.h">
      <Filter>Entities\UI</Filter>
    </ClInclude>
    <ClInclude Include="CCameraManager.h">
      <Filter>Managers</Filter>
    </ClInclude>
    <ClInclude Include="IControlScheme.h">
      <Filter>ControlSchemes</Filter>
    </ClInclude>
    <ClInclude Include="CPlayer1ControlSchemeCar.h">
      <Filter>ControlSchemes</Filter>
    </ClInclude>
    <ClInclude Include="CPlayer2ControlSchemeCar.h">
      <Filter>ControlSchemes</Filter>
    </ClInclude>
    <ClInclude Include="CPlayer1ControlSchemeTire.h">
      <Filter>ControlSchemes</Filter>
    </ClInclude>
    <ClInclude Include="CPlayer2ControlSchemeTire.h">
      <Filter>ControlSchemes</Filter>
    </ClInclude>
    <ClInclude Include="CAIControlSchemeCar.h">
      <Filter>ControlSchemes</Filter>
    </ClInclude>
    <ClInclude Include="CAIControlSchemeTire.h">
      <Filter>ControlSchemes</Filter>
    </ClInclude>
    <ClInclude Include="CEntityPositionCounter.h">
      <Filter>Entities\GUI</Filter>
    </ClInclude>
    <ClInclude Include="CEntityPowerupHUD.h">
      <Filter>Entities\GUI</Filter>
    </ClInclude>
    <ClInclude Include="CEntityScoreboard.h">
      <Filter>Entities\GUI</Filter>
    </ClInclude>
    <ClInclude Include="CEntityFinished.h">
      <Filter>Entities\GUI</Filter>
    </ClInclude>
    <ClInclude Include="CTimerHelper.h">
      <Filter>Helpers</Filter>
    </ClInclude>
    <ClInclude Include="CProfileManager.h">
      <Filter>Managers</Filter>
    </ClInclude>
    <ClInclude Include="CPlayerProfile.h" />
    <ClInclude Include="CProfileCreationState.h">
    <ClInclude Include="CEntityTimer.h">
      <Filter>Entities\GUI</Filter>
    </ClInclude>
    <ClInclude Include="CLoadingState.h">
      <Filter>States</Filter>
    </ClInclude>
    <ClInclude Include="CEnterNameState.h">
      <Filter>States</Filter>
    </ClInclude>
  </ItemGroup>
  <ItemGroup>
    <ResourceCompile Include="TonnieRaceGame.rc" />
  </ItemGroup>
  <ItemGroup>
    <Image Include="..\..\..\..\..\Downloads\favicon (1).ico">
      <Filter>Resources</Filter>
    </Image>
    <Image Include="Resources\Images\favicon.ico">
      <Filter>Resources</Filter>
    </Image>
  </ItemGroup>
  <ItemGroup>
    <Filter Include="Helpers">
      <UniqueIdentifier>{b70349e4-4f08-4ac2-a098-20b8c3fd76fd}</UniqueIdentifier>
    </Filter>
    <Filter Include="Interfaces">
      <UniqueIdentifier>{a3e98266-d951-4f5a-9076-12a6c64b040d}</UniqueIdentifier>
    </Filter>
    <Filter Include="Entities">
      <UniqueIdentifier>{7119c095-9db5-4d17-ad80-e647b7647ed8}</UniqueIdentifier>
    </Filter>
    <Filter Include="Entities\GUI">
      <UniqueIdentifier>{f7c0da3b-ca35-4c25-a031-9bf5a4f133c7}</UniqueIdentifier>
    </Filter>
    <Filter Include="Entities\UI">
      <UniqueIdentifier>{f3fc770b-dfb9-412c-920b-bd02b8af90cb}</UniqueIdentifier>
    </Filter>
    <Filter Include="Managers">
      <UniqueIdentifier>{8544d4df-73f8-4cf9-a483-8aab145c6146}</UniqueIdentifier>
    </Filter>
    <Filter Include="Debug">
      <UniqueIdentifier>{18f4afbe-5a2d-4ac2-9bec-6f1e33e2d8d4}</UniqueIdentifier>
    </Filter>
    <Filter Include="States">
      <UniqueIdentifier>{c1197e2c-b326-41fa-aefd-7587ad1f98ab}</UniqueIdentifier>
    </Filter>
    <Filter Include="Factories">
      <UniqueIdentifier>{ca0da3d3-9fc5-4ef4-9861-e9f5e5bf68ed}</UniqueIdentifier>
    </Filter>
    <Filter Include="Resources">
      <UniqueIdentifier>{46968d23-3eb1-4831-b191-a5f4fc47e709}</UniqueIdentifier>
    </Filter>
    <Filter Include="Resources\Maps">
      <UniqueIdentifier>{76cced91-ee7d-442d-b4a8-ec6efd18178d}</UniqueIdentifier>
    </Filter>
    <Filter Include="Etc">
      <UniqueIdentifier>{486971c5-757c-45f9-9c46-96a07c713d52}</UniqueIdentifier>
    </Filter>
    <Filter Include="ControlSchemes">
      <UniqueIdentifier>{11ecf4fc-27c7-4732-8920-535b13c5cfa2}</UniqueIdentifier>
    </Filter>
  </ItemGroup>
  <ItemGroup>
    <Text Include="Resources\Maps\map1.json">
      <Filter>Resources\Maps</Filter>
    </Text>
  </ItemGroup>
  <ItemGroup>
    <None Include="Resources\Maps\map2.json">
      <Filter>Resources\Maps</Filter>
    </None>
  </ItemGroup>
</Project>